// !$*UTF8*$!
{
	archiveVersion = 1;
	classes = {
	};
	objectVersion = 51;
	objects = {

/* Begin PBXBuildFile section */
		812E356E21BDA83B0089CC41 /* SearchResults.swift in Sources */ = {isa = PBXBuildFile; fileRef = 812E356D21BDA83B0089CC41 /* SearchResults.swift */; };
		812FBB13224AAF160096A7B5 /* RSSFeed.swift in Sources */ = {isa = PBXBuildFile; fileRef = 812FBB12224AAF160096A7B5 /* RSSFeed.swift */; };
		8138A98B21BD293400CE2500 /* AppDelegate.swift in Sources */ = {isa = PBXBuildFile; fileRef = 8138A98A21BD293400CE2500 /* AppDelegate.swift */; };
		8138A98D21BD293400CE2500 /* ViewController.swift in Sources */ = {isa = PBXBuildFile; fileRef = 8138A98C21BD293400CE2500 /* ViewController.swift */; };
		8138A99221BD293500CE2500 /* Assets.xcassets in Resources */ = {isa = PBXBuildFile; fileRef = 8138A99121BD293500CE2500 /* Assets.xcassets */; };
		8138A99521BD293500CE2500 /* LaunchScreen.storyboard in Resources */ = {isa = PBXBuildFile; fileRef = 8138A99321BD293500CE2500 /* LaunchScreen.storyboard */; };
		8138A99D21BD2A8200CE2500 /* _.gitignore_ in Resources */ = {isa = PBXBuildFile; fileRef = 8138A99C21BD2A8200CE2500 /* _.gitignore_ */; };
		8138A99F21BD2F1500CE2500 /* MainTabBarController.swift in Sources */ = {isa = PBXBuildFile; fileRef = 8138A99E21BD2F1500CE2500 /* MainTabBarController.swift */; };
		813A3B982204F20F008DA059 /* APIService.swift in Sources */ = {isa = PBXBuildFile; fileRef = 813A3B972204F20F008DA059 /* APIService.swift */; };
		8143A70822F9702C00BBAC04 /* PlayerDetailsView+SetupUI.swift in Sources */ = {isa = PBXBuildFile; fileRef = 8143A70722F9702C00BBAC04 /* PlayerDetailsView+SetupUI.swift */; };
		8143A70A22F9712500BBAC04 /* PodcastCell+SetupUI.swift in Sources */ = {isa = PBXBuildFile; fileRef = 8143A70922F9712500BBAC04 /* PodcastCell+SetupUI.swift */; };
		8143A70C22F971B600BBAC04 /* EpisodeCell+SetupUI.swift in Sources */ = {isa = PBXBuildFile; fileRef = 8143A70B22F971B600BBAC04 /* EpisodeCell+SetupUI.swift */; };
		8145A09722494D5400A779CB /* EpisodeCell.swift in Sources */ = {isa = PBXBuildFile; fileRef = 8145A09622494D5400A779CB /* EpisodeCell.swift */; };
		81493D382309B5920098A11A /* PlayerDetailsView+Gestures.swift in Sources */ = {isa = PBXBuildFile; fileRef = 81493D372309B5920098A11A /* PlayerDetailsView+Gestures.swift */; };
		81722F60224B751D00347363 /* PlayerDetailsView.swift in Sources */ = {isa = PBXBuildFile; fileRef = 81722F5F224B751D00347363 /* PlayerDetailsView.swift */; };
		819890112205CFDC00F4E3A0 /* PodcastCell.swift in Sources */ = {isa = PBXBuildFile; fileRef = 819890102205CFDC00F4E3A0 /* PodcastCell.swift */; };
		819EAC2C22F9F27C0062D0D0 /* CMTime.swift in Sources */ = {isa = PBXBuildFile; fileRef = 819EAC2B22F9F27C0062D0D0 /* CMTime.swift */; };
		81A969EE230C0C9500547255 /* UIApplication.swift in Sources */ = {isa = PBXBuildFile; fileRef = 81A969ED230C0C9500547255 /* UIApplication.swift */; };
		81DE5D5B21BD473A0071BB4A /* PodcastsSearchController.swift in Sources */ = {isa = PBXBuildFile; fileRef = 81DE5D5A21BD473A0071BB4A /* PodcastsSearchController.swift */; };
		81DE5D5E21BD47D40071BB4A /* Podcast.swift in Sources */ = {isa = PBXBuildFile; fileRef = 81DE5D5D21BD47D40071BB4A /* Podcast.swift */; };
		81DE5D6021BD48690071BB4A /* PodcastsSearchController+UITableViewDelegate.swift in Sources */ = {isa = PBXBuildFile; fileRef = 81DE5D5F21BD48690071BB4A /* PodcastsSearchController+UITableViewDelegate.swift */; };
		81DE5D6221BD4D6B0071BB4A /* PodcastsSearchController+UISearchBarDelegate.swift in Sources */ = {isa = PBXBuildFile; fileRef = 81DE5D6121BD4D6B0071BB4A /* PodcastsSearchController+UISearchBarDelegate.swift */; };
		81E1E7F12247E59C00C3956D /* EpisodesController.swift in Sources */ = {isa = PBXBuildFile; fileRef = 81E1E7F02247E59C00C3956D /* EpisodesController.swift */; };
		81E1E7F32247EA4E00C3956D /* EpisodesController+UITableViewDelegate.swift in Sources */ = {isa = PBXBuildFile; fileRef = 81E1E7F22247EA4E00C3956D /* EpisodesController+UITableViewDelegate.swift */; };
		81E1E7F52247ECFD00C3956D /* Episode.swift in Sources */ = {isa = PBXBuildFile; fileRef = 81E1E7F42247ECFD00C3956D /* Episode.swift */; };
		9E748514C04DD772FA027434 /* Pods_Podcasts.framework in Frameworks */ = {isa = PBXBuildFile; fileRef = 964B0FA7DAC7304F3AA78374 /* Pods_Podcasts.framework */; };
/* End PBXBuildFile section */

/* Begin PBXFileReference section */
		812E356D21BDA83B0089CC41 /* SearchResults.swift */ = {isa = PBXFileReference; lastKnownFileType = sourcecode.swift; path = SearchResults.swift; sourceTree = "<group>"; };
		812FBB12224AAF160096A7B5 /* RSSFeed.swift */ = {isa = PBXFileReference; lastKnownFileType = sourcecode.swift; path = RSSFeed.swift; sourceTree = "<group>"; };
		8138A98721BD293400CE2500 /* Podcasts.app */ = {isa = PBXFileReference; explicitFileType = wrapper.application; includeInIndex = 0; path = Podcasts.app; sourceTree = BUILT_PRODUCTS_DIR; };
		8138A98A21BD293400CE2500 /* AppDelegate.swift */ = {isa = PBXFileReference; lastKnownFileType = sourcecode.swift; path = AppDelegate.swift; sourceTree = "<group>"; };
		8138A98C21BD293400CE2500 /* ViewController.swift */ = {isa = PBXFileReference; lastKnownFileType = sourcecode.swift; path = ViewController.swift; sourceTree = "<group>"; };
		8138A99121BD293500CE2500 /* Assets.xcassets */ = {isa = PBXFileReference; lastKnownFileType = folder.assetcatalog; path = Assets.xcassets; sourceTree = "<group>"; };
		8138A99421BD293500CE2500 /* Base */ = {isa = PBXFileReference; lastKnownFileType = file.storyboard; name = Base; path = Base.lproj/LaunchScreen.storyboard; sourceTree = "<group>"; };
		8138A99621BD293500CE2500 /* Info.plist */ = {isa = PBXFileReference; lastKnownFileType = text.plist.xml; path = Info.plist; sourceTree = "<group>"; };
		8138A99C21BD2A8200CE2500 /* _.gitignore_ */ = {isa = PBXFileReference; lastKnownFileType = text; path = _.gitignore_; sourceTree = "<group>"; };
		8138A99E21BD2F1500CE2500 /* MainTabBarController.swift */ = {isa = PBXFileReference; lastKnownFileType = sourcecode.swift; path = MainTabBarController.swift; sourceTree = "<group>"; };
		813A3B972204F20F008DA059 /* APIService.swift */ = {isa = PBXFileReference; lastKnownFileType = sourcecode.swift; path = APIService.swift; sourceTree = "<group>"; };
		8143A70722F9702C00BBAC04 /* PlayerDetailsView+SetupUI.swift */ = {isa = PBXFileReference; lastKnownFileType = sourcecode.swift; path = "PlayerDetailsView+SetupUI.swift"; sourceTree = "<group>"; };
		8143A70922F9712500BBAC04 /* PodcastCell+SetupUI.swift */ = {isa = PBXFileReference; lastKnownFileType = sourcecode.swift; path = "PodcastCell+SetupUI.swift"; sourceTree = "<group>"; };
		8143A70B22F971B600BBAC04 /* EpisodeCell+SetupUI.swift */ = {isa = PBXFileReference; lastKnownFileType = sourcecode.swift; path = "EpisodeCell+SetupUI.swift"; sourceTree = "<group>"; };
		8145A09622494D5400A779CB /* EpisodeCell.swift */ = {isa = PBXFileReference; lastKnownFileType = sourcecode.swift; path = EpisodeCell.swift; sourceTree = "<group>"; };
		81493D372309B5920098A11A /* PlayerDetailsView+Gestures.swift */ = {isa = PBXFileReference; lastKnownFileType = sourcecode.swift; path = "PlayerDetailsView+Gestures.swift"; sourceTree = "<group>"; };
		81722F5F224B751D00347363 /* PlayerDetailsView.swift */ = {isa = PBXFileReference; lastKnownFileType = sourcecode.swift; path = PlayerDetailsView.swift; sourceTree = "<group>"; };
		819890102205CFDC00F4E3A0 /* PodcastCell.swift */ = {isa = PBXFileReference; lastKnownFileType = sourcecode.swift; path = PodcastCell.swift; sourceTree = "<group>"; };
		819EAC2B22F9F27C0062D0D0 /* CMTime.swift */ = {isa = PBXFileReference; lastKnownFileType = sourcecode.swift; path = CMTime.swift; sourceTree = "<group>"; };
		81A969ED230C0C9500547255 /* UIApplication.swift */ = {isa = PBXFileReference; lastKnownFileType = sourcecode.swift; path = UIApplication.swift; sourceTree = "<group>"; };
		81DE5D5A21BD473A0071BB4A /* PodcastsSearchController.swift */ = {isa = PBXFileReference; lastKnownFileType = sourcecode.swift; path = PodcastsSearchController.swift; sourceTree = "<group>"; };
		81DE5D5D21BD47D40071BB4A /* Podcast.swift */ = {isa = PBXFileReference; lastKnownFileType = sourcecode.swift; path = Podcast.swift; sourceTree = "<group>"; };
		81DE5D5F21BD48690071BB4A /* PodcastsSearchController+UITableViewDelegate.swift */ = {isa = PBXFileReference; lastKnownFileType = sourcecode.swift; path = "PodcastsSearchController+UITableViewDelegate.swift"; sourceTree = "<group>"; };
		81DE5D6121BD4D6B0071BB4A /* PodcastsSearchController+UISearchBarDelegate.swift */ = {isa = PBXFileReference; lastKnownFileType = sourcecode.swift; path = "PodcastsSearchController+UISearchBarDelegate.swift"; sourceTree = "<group>"; };
		81E1E7F02247E59C00C3956D /* EpisodesController.swift */ = {isa = PBXFileReference; lastKnownFileType = sourcecode.swift; path = EpisodesController.swift; sourceTree = "<group>"; };
		81E1E7F22247EA4E00C3956D /* EpisodesController+UITableViewDelegate.swift */ = {isa = PBXFileReference; lastKnownFileType = sourcecode.swift; path = "EpisodesController+UITableViewDelegate.swift"; sourceTree = "<group>"; };
		81E1E7F42247ECFD00C3956D /* Episode.swift */ = {isa = PBXFileReference; lastKnownFileType = sourcecode.swift; path = Episode.swift; sourceTree = "<group>"; };
		964B0FA7DAC7304F3AA78374 /* Pods_Podcasts.framework */ = {isa = PBXFileReference; explicitFileType = wrapper.framework; includeInIndex = 0; path = Pods_Podcasts.framework; sourceTree = BUILT_PRODUCTS_DIR; };
		B968B354B41A005A03A773EA /* Pods-Podcasts.debug.xcconfig */ = {isa = PBXFileReference; includeInIndex = 1; lastKnownFileType = text.xcconfig; name = "Pods-Podcasts.debug.xcconfig"; path = "Pods/Target Support Files/Pods-Podcasts/Pods-Podcasts.debug.xcconfig"; sourceTree = "<group>"; };
		F002F5390F113311506A1A59 /* Pods-Podcasts.release.xcconfig */ = {isa = PBXFileReference; includeInIndex = 1; lastKnownFileType = text.xcconfig; name = "Pods-Podcasts.release.xcconfig"; path = "Pods/Target Support Files/Pods-Podcasts/Pods-Podcasts.release.xcconfig"; sourceTree = "<group>"; };
/* End PBXFileReference section */

/* Begin PBXFrameworksBuildPhase section */
		8138A98421BD293400CE2500 /* Frameworks */ = {
			isa = PBXFrameworksBuildPhase;
			buildActionMask = 2147483647;
			files = (
				9E748514C04DD772FA027434 /* Pods_Podcasts.framework in Frameworks */,
			);
			runOnlyForDeploymentPostprocessing = 0;
		};
/* End PBXFrameworksBuildPhase section */

/* Begin PBXGroup section */
		2DA25DCC70F3A0C4F04D672F /* Frameworks */ = {
			isa = PBXGroup;
			children = (
				964B0FA7DAC7304F3AA78374 /* Pods_Podcasts.framework */,
			);
			name = Frameworks;
			sourceTree = "<group>";
		};
		812FBB11224AAEF90096A7B5 /* Extensions */ = {
			isa = PBXGroup;
			children = (
				812FBB12224AAF160096A7B5 /* RSSFeed.swift */,
				819EAC2B22F9F27C0062D0D0 /* CMTime.swift */,
				81A969ED230C0C9500547255 /* UIApplication.swift */,
			);
			path = Extensions;
			sourceTree = "<group>";
		};
		8138A97E21BD293400CE2500 = {
			isa = PBXGroup;
			children = (
				8138A99C21BD2A8200CE2500 /* _.gitignore_ */,
				8138A98921BD293400CE2500 /* Podcasts */,
				8138A98821BD293400CE2500 /* Products */,
				F805FAE61F7B37B5C867198A /* Pods */,
				2DA25DCC70F3A0C4F04D672F /* Frameworks */,
			);
			sourceTree = "<group>";
		};
		8138A98821BD293400CE2500 /* Products */ = {
			isa = PBXGroup;
			children = (
				8138A98721BD293400CE2500 /* Podcasts.app */,
			);
			name = Products;
			sourceTree = "<group>";
		};
		8138A98921BD293400CE2500 /* Podcasts */ = {
			isa = PBXGroup;
			children = (
				812FBB11224AAEF90096A7B5 /* Extensions */,
				8198900F2205CFBC00F4E3A0 /* Views */,
				813A3B962204F1F8008DA059 /* API */,
				81DE5D5C21BD47C60071BB4A /* Models */,
				81DE5D5921BD47290071BB4A /* Search */,
				81E1E7EF2247E58800C3956D /* Episodes */,
				81722F5E224B750600347363 /* Player */,
				8138A99E21BD2F1500CE2500 /* MainTabBarController.swift */,
				8138A98C21BD293400CE2500 /* ViewController.swift */,
				8138A98A21BD293400CE2500 /* AppDelegate.swift */,
				8138A99121BD293500CE2500 /* Assets.xcassets */,
				8138A99321BD293500CE2500 /* LaunchScreen.storyboard */,
				8138A99621BD293500CE2500 /* Info.plist */,
			);
			path = Podcasts;
			sourceTree = "<group>";
		};
		813A3B962204F1F8008DA059 /* API */ = {
			isa = PBXGroup;
			children = (
				813A3B972204F20F008DA059 /* APIService.swift */,
			);
			path = API;
			sourceTree = "<group>";
		};
		81722F5E224B750600347363 /* Player */ = {
			isa = PBXGroup;
			children = (
				81722F5F224B751D00347363 /* PlayerDetailsView.swift */,
				8143A70722F9702C00BBAC04 /* PlayerDetailsView+SetupUI.swift */,
				81493D372309B5920098A11A /* PlayerDetailsView+Gestures.swift */,
			);
			path = Player;
			sourceTree = "<group>";
		};
		8198900F2205CFBC00F4E3A0 /* Views */ = {
			isa = PBXGroup;
			children = (
				819890102205CFDC00F4E3A0 /* PodcastCell.swift */,
				8143A70922F9712500BBAC04 /* PodcastCell+SetupUI.swift */,
				8145A09622494D5400A779CB /* EpisodeCell.swift */,
				8143A70B22F971B600BBAC04 /* EpisodeCell+SetupUI.swift */,
			);
			path = Views;
			sourceTree = "<group>";
		};
		81DE5D5921BD47290071BB4A /* Search */ = {
			isa = PBXGroup;
			children = (
				81DE5D5A21BD473A0071BB4A /* PodcastsSearchController.swift */,
				81DE5D5F21BD48690071BB4A /* PodcastsSearchController+UITableViewDelegate.swift */,
				81DE5D6121BD4D6B0071BB4A /* PodcastsSearchController+UISearchBarDelegate.swift */,
			);
			path = Search;
			sourceTree = "<group>";
		};
		81DE5D5C21BD47C60071BB4A /* Models */ = {
			isa = PBXGroup;
			children = (
				812E356D21BDA83B0089CC41 /* SearchResults.swift */,
				81DE5D5D21BD47D40071BB4A /* Podcast.swift */,
				81E1E7F42247ECFD00C3956D /* Episode.swift */,
			);
			path = Models;
			sourceTree = "<group>";
		};
		81E1E7EF2247E58800C3956D /* Episodes */ = {
			isa = PBXGroup;
			children = (
				81E1E7F02247E59C00C3956D /* EpisodesController.swift */,
				81E1E7F22247EA4E00C3956D /* EpisodesController+UITableViewDelegate.swift */,
			);
			path = Episodes;
			sourceTree = "<group>";
		};
		F805FAE61F7B37B5C867198A /* Pods */ = {
			isa = PBXGroup;
			children = (
				B968B354B41A005A03A773EA /* Pods-Podcasts.debug.xcconfig */,
				F002F5390F113311506A1A59 /* Pods-Podcasts.release.xcconfig */,
			);
			name = Pods;
			sourceTree = "<group>";
		};
/* End PBXGroup section */

/* Begin PBXNativeTarget section */
		8138A98621BD293400CE2500 /* Podcasts */ = {
			isa = PBXNativeTarget;
			buildConfigurationList = 8138A99921BD293500CE2500 /* Build configuration list for PBXNativeTarget "Podcasts" */;
			buildPhases = (
				D615946E1058A44ACD4E8997 /* [CP] Check Pods Manifest.lock */,
				8138A98321BD293400CE2500 /* Sources */,
				8138A98421BD293400CE2500 /* Frameworks */,
				8138A98521BD293400CE2500 /* Resources */,
				BF6494C87608C547A3B5FE1A /* [CP] Embed Pods Frameworks */,
			);
			buildRules = (
			);
			dependencies = (
			);
			name = Podcasts;
			productName = Podcasts;
			productReference = 8138A98721BD293400CE2500 /* Podcasts.app */;
			productType = "com.apple.product-type.application";
		};
/* End PBXNativeTarget section */

/* Begin PBXProject section */
		8138A97F21BD293400CE2500 /* Project object */ = {
			isa = PBXProject;
			attributes = {
				LastSwiftUpdateCheck = 1010;
				LastUpgradeCheck = 1010;
				ORGANIZATIONNAME = eliamyro;
				TargetAttributes = {
					8138A98621BD293400CE2500 = {
						CreatedOnToolsVersion = 10.1;
						LastSwiftMigration = 1020;
						SystemCapabilities = {
							com.apple.BackgroundModes = {
								enabled = 1;
							};
						};
					};
				};
			};
			buildConfigurationList = 8138A98221BD293400CE2500 /* Build configuration list for PBXProject "Podcasts" */;
			compatibilityVersion = "Xcode 10.0";
			developmentRegion = en;
			hasScannedForEncodings = 0;
			knownRegions = (
				en,
				Base,
			);
			mainGroup = 8138A97E21BD293400CE2500;
			productRefGroup = 8138A98821BD293400CE2500 /* Products */;
			projectDirPath = "";
			projectRoot = "";
			targets = (
				8138A98621BD293400CE2500 /* Podcasts */,
			);
		};
/* End PBXProject section */

/* Begin PBXResourcesBuildPhase section */
		8138A98521BD293400CE2500 /* Resources */ = {
			isa = PBXResourcesBuildPhase;
			buildActionMask = 2147483647;
			files = (
				8138A99521BD293500CE2500 /* LaunchScreen.storyboard in Resources */,
				8138A99D21BD2A8200CE2500 /* _.gitignore_ in Resources */,
				8138A99221BD293500CE2500 /* Assets.xcassets in Resources */,
			);
			runOnlyForDeploymentPostprocessing = 0;
		};
/* End PBXResourcesBuildPhase section */

/* Begin PBXShellScriptBuildPhase section */
		BF6494C87608C547A3B5FE1A /* [CP] Embed Pods Frameworks */ = {
			isa = PBXShellScriptBuildPhase;
			buildActionMask = 2147483647;
			files = (
			);
			inputFileListPaths = (
			);
			inputPaths = (
				"${SRCROOT}/Pods/Target Support Files/Pods-Podcasts/Pods-Podcasts-frameworks.sh",
				"${BUILT_PRODUCTS_DIR}/Alamofire/Alamofire.framework",
				"${BUILT_PRODUCTS_DIR}/FeedKit/FeedKit.framework",
				"${BUILT_PRODUCTS_DIR}/SDWebImage/SDWebImage.framework",
			);
			name = "[CP] Embed Pods Frameworks";
			outputFileListPaths = (
			);
			outputPaths = (
				"${TARGET_BUILD_DIR}/${FRAMEWORKS_FOLDER_PATH}/Alamofire.framework",
				"${TARGET_BUILD_DIR}/${FRAMEWORKS_FOLDER_PATH}/FeedKit.framework",
				"${TARGET_BUILD_DIR}/${FRAMEWORKS_FOLDER_PATH}/SDWebImage.framework",
			);
			runOnlyForDeploymentPostprocessing = 0;
			shellPath = /bin/sh;
			shellScript = "\"${SRCROOT}/Pods/Target Support Files/Pods-Podcasts/Pods-Podcasts-frameworks.sh\"\n";
			showEnvVarsInLog = 0;
		};
		D615946E1058A44ACD4E8997 /* [CP] Check Pods Manifest.lock */ = {
			isa = PBXShellScriptBuildPhase;
			buildActionMask = 2147483647;
			files = (
			);
			inputFileListPaths = (
			);
			inputPaths = (
				"${PODS_PODFILE_DIR_PATH}/Podfile.lock",
				"${PODS_ROOT}/Manifest.lock",
			);
			name = "[CP] Check Pods Manifest.lock";
			outputFileListPaths = (
			);
			outputPaths = (
				"$(DERIVED_FILE_DIR)/Pods-Podcasts-checkManifestLockResult.txt",
			);
			runOnlyForDeploymentPostprocessing = 0;
			shellPath = /bin/sh;
			shellScript = "diff \"${PODS_PODFILE_DIR_PATH}/Podfile.lock\" \"${PODS_ROOT}/Manifest.lock\" > /dev/null\nif [ $? != 0 ] ; then\n    # print error to STDERR\n    echo \"error: The sandbox is not in sync with the Podfile.lock. Run 'pod install' or update your CocoaPods installation.\" >&2\n    exit 1\nfi\n# This output is used by Xcode 'outputs' to avoid re-running this script phase.\necho \"SUCCESS\" > \"${SCRIPT_OUTPUT_FILE_0}\"\n";
			showEnvVarsInLog = 0;
		};
/* End PBXShellScriptBuildPhase section */

/* Begin PBXSourcesBuildPhase section */
		8138A98321BD293400CE2500 /* Sources */ = {
			isa = PBXSourcesBuildPhase;
			buildActionMask = 2147483647;
			files = (
				81DE5D6021BD48690071BB4A /* PodcastsSearchController+UITableViewDelegate.swift in Sources */,
				81DE5D5B21BD473A0071BB4A /* PodcastsSearchController.swift in Sources */,
				819890112205CFDC00F4E3A0 /* PodcastCell.swift in Sources */,
				812FBB13224AAF160096A7B5 /* RSSFeed.swift in Sources */,
				81493D382309B5920098A11A /* PlayerDetailsView+Gestures.swift in Sources */,
				8138A98D21BD293400CE2500 /* ViewController.swift in Sources */,
				8143A70822F9702C00BBAC04 /* PlayerDetailsView+SetupUI.swift in Sources */,
				8143A70A22F9712500BBAC04 /* PodcastCell+SetupUI.swift in Sources */,
				81E1E7F12247E59C00C3956D /* EpisodesController.swift in Sources */,
				8138A98B21BD293400CE2500 /* AppDelegate.swift in Sources */,
				81E1E7F32247EA4E00C3956D /* EpisodesController+UITableViewDelegate.swift in Sources */,
				81E1E7F52247ECFD00C3956D /* Episode.swift in Sources */,
				81DE5D6221BD4D6B0071BB4A /* PodcastsSearchController+UISearchBarDelegate.swift in Sources */,
				8138A99F21BD2F1500CE2500 /* MainTabBarController.swift in Sources */,
				81A969EE230C0C9500547255 /* UIApplication.swift in Sources */,
				812E356E21BDA83B0089CC41 /* SearchResults.swift in Sources */,
				8145A09722494D5400A779CB /* EpisodeCell.swift in Sources */,
				813A3B982204F20F008DA059 /* APIService.swift in Sources */,
				8143A70C22F971B600BBAC04 /* EpisodeCell+SetupUI.swift in Sources */,
				81DE5D5E21BD47D40071BB4A /* Podcast.swift in Sources */,
				819EAC2C22F9F27C0062D0D0 /* CMTime.swift in Sources */,
				81722F60224B751D00347363 /* PlayerDetailsView.swift in Sources */,
			);
			runOnlyForDeploymentPostprocessing = 0;
		};
/* End PBXSourcesBuildPhase section */

/* Begin PBXVariantGroup section */
		8138A99321BD293500CE2500 /* LaunchScreen.storyboard */ = {
			isa = PBXVariantGroup;
			children = (
				8138A99421BD293500CE2500 /* Base */,
			);
			name = LaunchScreen.storyboard;
			sourceTree = "<group>";
		};
/* End PBXVariantGroup section */

/* Begin XCBuildConfiguration section */
		8138A99721BD293500CE2500 /* Debug */ = {
			isa = XCBuildConfiguration;
			buildSettings = {
				ALWAYS_SEARCH_USER_PATHS = NO;
				CLANG_ANALYZER_NONNULL = YES;
				CLANG_ANALYZER_NUMBER_OBJECT_CONVERSION = YES_AGGRESSIVE;
				CLANG_CXX_LANGUAGE_STANDARD = "gnu++14";
				CLANG_CXX_LIBRARY = "libc++";
				CLANG_ENABLE_MODULES = YES;
				CLANG_ENABLE_OBJC_ARC = YES;
				CLANG_ENABLE_OBJC_WEAK = YES;
				CLANG_WARN_BLOCK_CAPTURE_AUTORELEASING = YES;
				CLANG_WARN_BOOL_CONVERSION = YES;
				CLANG_WARN_COMMA = YES;
				CLANG_WARN_CONSTANT_CONVERSION = YES;
				CLANG_WARN_DEPRECATED_OBJC_IMPLEMENTATIONS = YES;
				CLANG_WARN_DIRECT_OBJC_ISA_USAGE = YES_ERROR;
				CLANG_WARN_DOCUMENTATION_COMMENTS = YES;
				CLANG_WARN_EMPTY_BODY = YES;
				CLANG_WARN_ENUM_CONVERSION = YES;
				CLANG_WARN_INFINITE_RECURSION = YES;
				CLANG_WARN_INT_CONVERSION = YES;
				CLANG_WARN_NON_LITERAL_NULL_CONVERSION = YES;
				CLANG_WARN_OBJC_IMPLICIT_RETAIN_SELF = YES;
				CLANG_WARN_OBJC_LITERAL_CONVERSION = YES;
				CLANG_WARN_OBJC_ROOT_CLASS = YES_ERROR;
				CLANG_WARN_RANGE_LOOP_ANALYSIS = YES;
				CLANG_WARN_STRICT_PROTOTYPES = YES;
				CLANG_WARN_SUSPICIOUS_MOVE = YES;
				CLANG_WARN_UNGUARDED_AVAILABILITY = YES_AGGRESSIVE;
				CLANG_WARN_UNREACHABLE_CODE = YES;
				CLANG_WARN__DUPLICATE_METHOD_MATCH = YES;
				CODE_SIGN_IDENTITY = "iPhone Developer";
				COPY_PHASE_STRIP = NO;
				DEBUG_INFORMATION_FORMAT = dwarf;
				ENABLE_STRICT_OBJC_MSGSEND = YES;
				ENABLE_TESTABILITY = YES;
				GCC_C_LANGUAGE_STANDARD = gnu11;
				GCC_DYNAMIC_NO_PIC = NO;
				GCC_NO_COMMON_BLOCKS = YES;
				GCC_OPTIMIZATION_LEVEL = 0;
				GCC_PREPROCESSOR_DEFINITIONS = (
					"DEBUG=1",
					"$(inherited)",
				);
				GCC_WARN_64_TO_32_BIT_CONVERSION = YES;
				GCC_WARN_ABOUT_RETURN_TYPE = YES_ERROR;
				GCC_WARN_UNDECLARED_SELECTOR = YES;
				GCC_WARN_UNINITIALIZED_AUTOS = YES_AGGRESSIVE;
				GCC_WARN_UNUSED_FUNCTION = YES;
				GCC_WARN_UNUSED_VARIABLE = YES;
				IPHONEOS_DEPLOYMENT_TARGET = 12.4;
				MTL_ENABLE_DEBUG_INFO = INCLUDE_SOURCE;
				MTL_FAST_MATH = YES;
				ONLY_ACTIVE_ARCH = YES;
				SDKROOT = iphoneos;
				SWIFT_ACTIVE_COMPILATION_CONDITIONS = DEBUG;
				SWIFT_OPTIMIZATION_LEVEL = "-Onone";
			};
			name = Debug;
		};
		8138A99821BD293500CE2500 /* Release */ = {
			isa = XCBuildConfiguration;
			buildSettings = {
				ALWAYS_SEARCH_USER_PATHS = NO;
				CLANG_ANALYZER_NONNULL = YES;
				CLANG_ANALYZER_NUMBER_OBJECT_CONVERSION = YES_AGGRESSIVE;
				CLANG_CXX_LANGUAGE_STANDARD = "gnu++14";
				CLANG_CXX_LIBRARY = "libc++";
				CLANG_ENABLE_MODULES = YES;
				CLANG_ENABLE_OBJC_ARC = YES;
				CLANG_ENABLE_OBJC_WEAK = YES;
				CLANG_WARN_BLOCK_CAPTURE_AUTORELEASING = YES;
				CLANG_WARN_BOOL_CONVERSION = YES;
				CLANG_WARN_COMMA = YES;
				CLANG_WARN_CONSTANT_CONVERSION = YES;
				CLANG_WARN_DEPRECATED_OBJC_IMPLEMENTATIONS = YES;
				CLANG_WARN_DIRECT_OBJC_ISA_USAGE = YES_ERROR;
				CLANG_WARN_DOCUMENTATION_COMMENTS = YES;
				CLANG_WARN_EMPTY_BODY = YES;
				CLANG_WARN_ENUM_CONVERSION = YES;
				CLANG_WARN_INFINITE_RECURSION = YES;
				CLANG_WARN_INT_CONVERSION = YES;
				CLANG_WARN_NON_LITERAL_NULL_CONVERSION = YES;
				CLANG_WARN_OBJC_IMPLICIT_RETAIN_SELF = YES;
				CLANG_WARN_OBJC_LITERAL_CONVERSION = YES;
				CLANG_WARN_OBJC_ROOT_CLASS = YES_ERROR;
				CLANG_WARN_RANGE_LOOP_ANALYSIS = YES;
				CLANG_WARN_STRICT_PROTOTYPES = YES;
				CLANG_WARN_SUSPICIOUS_MOVE = YES;
				CLANG_WARN_UNGUARDED_AVAILABILITY = YES_AGGRESSIVE;
				CLANG_WARN_UNREACHABLE_CODE = YES;
				CLANG_WARN__DUPLICATE_METHOD_MATCH = YES;
				CODE_SIGN_IDENTITY = "iPhone Developer";
				COPY_PHASE_STRIP = NO;
				DEBUG_INFORMATION_FORMAT = "dwarf-with-dsym";
				ENABLE_NS_ASSERTIONS = NO;
				ENABLE_STRICT_OBJC_MSGSEND = YES;
				GCC_C_LANGUAGE_STANDARD = gnu11;
				GCC_NO_COMMON_BLOCKS = YES;
				GCC_WARN_64_TO_32_BIT_CONVERSION = YES;
				GCC_WARN_ABOUT_RETURN_TYPE = YES_ERROR;
				GCC_WARN_UNDECLARED_SELECTOR = YES;
				GCC_WARN_UNINITIALIZED_AUTOS = YES_AGGRESSIVE;
				GCC_WARN_UNUSED_FUNCTION = YES;
				GCC_WARN_UNUSED_VARIABLE = YES;
				IPHONEOS_DEPLOYMENT_TARGET = 12.4;
				MTL_ENABLE_DEBUG_INFO = NO;
				MTL_FAST_MATH = YES;
				SDKROOT = iphoneos;
				SWIFT_COMPILATION_MODE = wholemodule;
				SWIFT_OPTIMIZATION_LEVEL = "-O";
				VALIDATE_PRODUCT = YES;
			};
			name = Release;
		};
		8138A99A21BD293500CE2500 /* Debug */ = {
			isa = XCBuildConfiguration;
			baseConfigurationReference = B968B354B41A005A03A773EA /* Pods-Podcasts.debug.xcconfig */;
			buildSettings = {
				ASSETCATALOG_COMPILER_APPICON_NAME = AppIcon;
				CODE_SIGN_STYLE = Automatic;
				DEVELOPMENT_TEAM = XM9V6QDM3G;
				INFOPLIST_FILE = Podcasts/Info.plist;
				LD_RUNPATH_SEARCH_PATHS = (
					"$(inherited)",
					"@executable_path/Frameworks",
				);
				PRODUCT_BUNDLE_IDENTIFIER = com.eliamyro.Podcasts;
				PRODUCT_NAME = "$(TARGET_NAME)";
				SWIFT_VERSION = 5.0;
				TARGETED_DEVICE_FAMILY = "1,2";
			};
			name = Debug;
		};
		8138A99B21BD293500CE2500 /* Release */ = {
			isa = XCBuildConfiguration;
			baseConfigurationReference = F002F5390F113311506A1A59 /* Pods-Podcasts.release.xcconfig */;
			buildSettings = {
				ASSETCATALOG_COMPILER_APPICON_NAME = AppIcon;
				CODE_SIGN_STYLE = Automatic;
				DEVELOPMENT_TEAM = XM9V6QDM3G;
				INFOPLIST_FILE = Podcasts/Info.plist;
				LD_RUNPATH_SEARCH_PATHS = (
					"$(inherited)",
					"@executable_path/Frameworks",
				);
				PRODUCT_BUNDLE_IDENTIFIER = com.eliamyro.Podcasts;
				PRODUCT_NAME = "$(TARGET_NAME)";
				SWIFT_VERSION = 5.0;
				TARGETED_DEVICE_FAMILY = "1,2";
			};
			name = Release;
		};
/* End XCBuildConfiguration section */

/* Begin XCConfigurationList section */
		8138A98221BD293400CE2500 /* Build configuration list for PBXProject "Podcasts" */ = {
			isa = XCConfigurationList;
			buildConfigurations = (
				8138A99721BD293500CE2500 /* Debug */,
				8138A99821BD293500CE2500 /* Release */,
			);
			defaultConfigurationIsVisible = 0;
			defaultConfigurationName = Release;
		};
		8138A99921BD293500CE2500 /* Build configuration list for PBXNativeTarget "Podcasts" */ = {
			isa = XCConfigurationList;
			buildConfigurations = (
				8138A99A21BD293500CE2500 /* Debug */,
				8138A99B21BD293500CE2500 /* Release */,
			);
			defaultConfigurationIsVisible = 0;
			defaultConfigurationName = Release;
		};
/* End XCConfigurationList section */
	};
	rootObject = 8138A97F21BD293400CE2500 /* Project object */;
}
